
Microsoft Visual Studio Solution File, Format Version 12.00
# Visual Studio Version 17
VisualStudioVersion = 17.14.36511.14
MinimumVisualStudioVersion = 10.0.40219.1
Project("{FAE04EC0-301F-11D3-BF4B-00C04F79EFBC}") = "Entry_Desktop", "Platforms\Desktop\Entry_Desktop.csproj", "{E67A77C2-5AF1-41D4-9661-3098A67FFADD}"
EndProject
Project("{FAE04EC0-301F-11D3-BF4B-00C04F79EFBC}") = "Engine", "Engine\Engine.csproj", "{B0EE821A-2C27-4004-8784-45571BEDBA8E}"
EndProject
Project("{FAE04EC0-301F-11D3-BF4B-00C04F79EFBC}") = "Game", "Game\Game.csproj", "{25A21124-6C6D-40FB-B724-532BC35289F5}"
EndProject
Project("{FAE04EC0-301F-11D3-BF4B-00C04F79EFBC}") = "GameCooker", "GameCooker\GameCooker.csproj", "{6965C598-3825-472B-828B-D9E53F0EB090}"
EndProject
Project("{FAE04EC0-301F-11D3-BF4B-00C04F79EFBC}") = "GameAssetsEditor", "GameAssetsEditor\GameAssetsEditor.csproj", "{8F657236-4D34-4E55-B5B9-38D766DCB72C}"
EndProject
Project("{FAE04EC0-301F-11D3-BF4B-00C04F79EFBC}") = "SharedTypes", "SharedTypes\SharedTypes.csproj", "{27CEB9ED-506B-48D5-BA41-BD68F0091E0D}"
EndProject
Project("{FAE04EC0-301F-11D3-BF4B-00C04F79EFBC}") = "Entry_Android", "Platforms\Android\Entry_Android.csproj", "{A39A4530-1CEF-42FC-B9FD-F5F87207E68C}"
EndProject
Project("{2150E333-8FDC-42A3-9474-1A3956D46DE8}") = "Platforms", "Platforms", "{324791A1-5798-203D-0CA6-A8E0DAEC81C8}"
EndProject
Project("{FAE04EC0-301F-11D3-BF4B-00C04F79EFBC}") = "Entry_iOS", "Platforms\iOS\Entry_iOS.csproj", "{01D6922E-4F02-45EB-8D10-4F0D0CB4261B}"
EndProject
Global 
	GlobalSection(SolutionConfigurationPlatforms) = preSolution
		Debug|Any CPU = Debug|Any CPU
		Debug|x64 = Debug|x64
		Debug|x86 = Debug|x86
		Release|Any CPU = Release|Any CPU
		Release|x64 = Release|x64
		Release|x86 = Release|x86
	EndGlobalSection
	GlobalSection(ProjectConfigurationPlatforms) = postSolution
		{E67A77C2-5AF1-41D4-9661-3098A67FFADD}.Debug|Any CPU.ActiveCfg = Debug|Any CPU
		{E67A77C2-5AF1-41D4-9661-3098A67FFADD}.Debug|Any CPU.Build.0 = Debug|Any CPU
		{E67A77C2-5AF1-41D4-9661-3098A67FFADD}.Debug|x64.ActiveCfg = Debug|Any CPU
		{E67A77C2-5AF1-41D4-9661-3098A67FFADD}.Debug|x64.Build.0 = Debug|Any CPU
		{E67A77C2-5AF1-41D4-9661-3098A67FFADD}.Debug|x86.ActiveCfg = Debug|Any CPU
		{E67A77C2-5AF1-41D4-9661-3098A67FFADD}.Debug|x86.Build.0 = Debug|Any CPU
		{E67A77C2-5AF1-41D4-9661-3098A67FFADD}.Release|Any CPU.ActiveCfg = Release|Any CPU
		{E67A77C2-5AF1-41D4-9661-3098A67FFADD}.Release|Any CPU.Build.0 = Release|Any CPU
		{E67A77C2-5AF1-41D4-9661-3098A67FFADD}.Release|x64.ActiveCfg = Release|Any CPU
		{E67A77C2-5AF1-41D4-9661-3098A67FFADD}.Release|x64.Build.0 = Release|Any CPU
		{E67A77C2-5AF1-41D4-9661-3098A67FFADD}.Release|x86.ActiveCfg = Release|Any CPU
		{E67A77C2-5AF1-41D4-9661-3098A67FFADD}.Release|x86.Build.0 = Release|Any CPU
		{B0EE821A-2C27-4004-8784-45571BEDBA8E}.Debug|Any CPU.ActiveCfg = Debug|Any CPU
		{B0EE821A-2C27-4004-8784-45571BEDBA8E}.Debug|Any CPU.Build.0 = Debug|Any CPU
		{B0EE821A-2C27-4004-8784-45571BEDBA8E}.Debug|x64.ActiveCfg = Debug|Any CPU
		{B0EE821A-2C27-4004-8784-45571BEDBA8E}.Debug|x64.Build.0 = Debug|Any CPU
		{B0EE821A-2C27-4004-8784-45571BEDBA8E}.Debug|x86.ActiveCfg = Debug|Any CPU
		{B0EE821A-2C27-4004-8784-45571BEDBA8E}.Debug|x86.Build.0 = Debug|Any CPU
		{B0EE821A-2C27-4004-8784-45571BEDBA8E}.Release|Any CPU.ActiveCfg = Release|Any CPU
		{B0EE821A-2C27-4004-8784-45571BEDBA8E}.Release|Any CPU.Build.0 = Release|Any CPU
		{B0EE821A-2C27-4004-8784-45571BEDBA8E}.Release|x64.ActiveCfg = Release|Any CPU
		{B0EE821A-2C27-4004-8784-45571BEDBA8E}.Release|x64.Build.0 = Release|Any CPU
		{B0EE821A-2C27-4004-8784-45571BEDBA8E}.Release|x86.ActiveCfg = Release|Any CPU
		{B0EE821A-2C27-4004-8784-45571BEDBA8E}.Release|x86.Build.0 = Release|Any CPU
		{25A21124-6C6D-40FB-B724-532BC35289F5}.Debug|Any CPU.ActiveCfg = Debug|Any CPU
		{25A21124-6C6D-40FB-B724-532BC35289F5}.Debug|Any CPU.Build.0 = Debug|Any CPU
		{25A21124-6C6D-40FB-B724-532BC35289F5}.Debug|x64.ActiveCfg = Debug|Any CPU
		{25A21124-6C6D-40FB-B724-532BC35289F5}.Debug|x64.Build.0 = Debug|Any CPU
		{25A21124-6C6D-40FB-B724-532BC35289F5}.Debug|x86.ActiveCfg = Debug|Any CPU
		{25A21124-6C6D-40FB-B724-532BC35289F5}.Debug|x86.Build.0 = Debug|Any CPU
		{25A21124-6C6D-40FB-B724-532BC35289F5}.Release|Any CPU.ActiveCfg = Release|Any CPU
		{25A21124-6C6D-40FB-B724-532BC35289F5}.Release|Any CPU.Build.0 = Release|Any CPU
		{25A21124-6C6D-40FB-B724-532BC35289F5}.Release|x64.ActiveCfg = Release|Any CPU
		{25A21124-6C6D-40FB-B724-532BC35289F5}.Release|x64.Build.0 = Release|Any CPU
		{25A21124-6C6D-40FB-B724-532BC35289F5}.Release|x86.ActiveCfg = Release|Any CPU
		{25A21124-6C6D-40FB-B724-532BC35289F5}.Release|x86.Build.0 = Release|Any CPU
		{6965C598-3825-472B-828B-D9E53F0EB090}.Debug|Any CPU.ActiveCfg = Debug|Any CPU
		{6965C598-3825-472B-828B-D9E53F0EB090}.Debug|Any CPU.Build.0 = Debug|Any CPU
		{6965C598-3825-472B-828B-D9E53F0EB090}.Debug|x64.ActiveCfg = Debug|Any CPU
		{6965C598-3825-472B-828B-D9E53F0EB090}.Debug|x64.Build.0 = Debug|Any CPU
		{6965C598-3825-472B-828B-D9E53F0EB090}.Debug|x86.ActiveCfg = Debug|Any CPU
		{6965C598-3825-472B-828B-D9E53F0EB090}.Debug|x86.Build.0 = Debug|Any CPU
		{6965C598-3825-472B-828B-D9E53F0EB090}.Release|Any CPU.ActiveCfg = Release|Any CPU
		{6965C598-3825-472B-828B-D9E53F0EB090}.Release|Any CPU.Build.0 = Release|Any CPU
		{6965C598-3825-472B-828B-D9E53F0EB090}.Release|x64.ActiveCfg = Release|Any CPU
		{6965C598-3825-472B-828B-D9E53F0EB090}.Release|x64.Build.0 = Release|Any CPU
		{6965C598-3825-472B-828B-D9E53F0EB090}.Release|x86.ActiveCfg = Release|Any CPU
		{6965C598-3825-472B-828B-D9E53F0EB090}.Release|x86.Build.0 = Release|Any CPU
		{8F657236-4D34-4E55-B5B9-38D766DCB72C}.Debug|Any CPU.ActiveCfg = Debug|Any CPU
		{8F657236-4D34-4E55-B5B9-38D766DCB72C}.Debug|Any CPU.Build.0 = Debug|Any CPU
		{8F657236-4D34-4E55-B5B9-38D766DCB72C}.Debug|x64.ActiveCfg = Debug|Any CPU
		{8F657236-4D34-4E55-B5B9-38D766DCB72C}.Debug|x64.Build.0 = Debug|Any CPU
		{8F657236-4D34-4E55-B5B9-38D766DCB72C}.Debug|x86.ActiveCfg = Debug|Any CPU
		{8F657236-4D34-4E55-B5B9-38D766DCB72C}.Debug|x86.Build.0 = Debug|Any CPU
		{8F657236-4D34-4E55-B5B9-38D766DCB72C}.Release|Any CPU.ActiveCfg = Release|Any CPU
		{8F657236-4D34-4E55-B5B9-38D766DCB72C}.Release|Any CPU.Build.0 = Release|Any CPU
		{8F657236-4D34-4E55-B5B9-38D766DCB72C}.Release|x64.ActiveCfg = Release|Any CPU
		{8F657236-4D34-4E55-B5B9-38D766DCB72C}.Release|x64.Build.0 = Release|Any CPU
		{8F657236-4D34-4E55-B5B9-38D766DCB72C}.Release|x86.ActiveCfg = Release|Any CPU
		{8F657236-4D34-4E55-B5B9-38D766DCB72C}.Release|x86.Build.0 = Release|Any CPU
		{27CEB9ED-506B-48D5-BA41-BD68F0091E0D}.Debug|Any CPU.ActiveCfg = Debug|Any CPU
		{27CEB9ED-506B-48D5-BA41-BD68F0091E0D}.Debug|Any CPU.Build.0 = Debug|Any CPU
		{27CEB9ED-506B-48D5-BA41-BD68F0091E0D}.Debug|x64.ActiveCfg = Debug|Any CPU
		{27CEB9ED-506B-48D5-BA41-BD68F0091E0D}.Debug|x64.Build.0 = Debug|Any CPU
		{27CEB9ED-506B-48D5-BA41-BD68F0091E0D}.Debug|x86.ActiveCfg = Debug|Any CPU
		{27CEB9ED-506B-48D5-BA41-BD68F0091E0D}.Debug|x86.Build.0 = Debug|Any CPU
		{27CEB9ED-506B-48D5-BA41-BD68F0091E0D}.Release|Any CPU.ActiveCfg = Release|Any CPU
		{27CEB9ED-506B-48D5-BA41-BD68F0091E0D}.Release|Any CPU.Build.0 = Release|Any CPU
		{27CEB9ED-506B-48D5-BA41-BD68F0091E0D}.Release|x64.ActiveCfg = Release|Any CPU
		{27CEB9ED-506B-48D5-BA41-BD68F0091E0D}.Release|x64.Build.0 = Release|Any CPU
		{27CEB9ED-506B-48D5-BA41-BD68F0091E0D}.Release|x86.ActiveCfg = Release|Any CPU
		{27CEB9ED-506B-48D5-BA41-BD68F0091E0D}.Release|x86.Build.0 = Release|Any CPU
		{A39A4530-1CEF-42FC-B9FD-F5F87207E68C}.Debug|Any CPU.ActiveCfg = Debug|Any CPU
		{A39A4530-1CEF-42FC-B9FD-F5F87207E68C}.Debug|Any CPU.Build.0 = Debug|Any CPU
		{A39A4530-1CEF-42FC-B9FD-F5F87207E68C}.Debug|x64.ActiveCfg = Debug|Any CPU
		{A39A4530-1CEF-42FC-B9FD-F5F87207E68C}.Debug|x64.Build.0 = Debug|Any CPU
		{A39A4530-1CEF-42FC-B9FD-F5F87207E68C}.Debug|x86.ActiveCfg = Debug|Any CPU
		{A39A4530-1CEF-42FC-B9FD-F5F87207E68C}.Debug|x86.Build.0 = Debug|Any CPU
		{A39A4530-1CEF-42FC-B9FD-F5F87207E68C}.Release|Any CPU.ActiveCfg = Release|Any CPU
		{A39A4530-1CEF-42FC-B9FD-F5F87207E68C}.Release|Any CPU.Build.0 = Release|Any CPU
		{A39A4530-1CEF-42FC-B9FD-F5F87207E68C}.Release|x64.ActiveCfg = Release|Any CPU
		{A39A4530-1CEF-42FC-B9FD-F5F87207E68C}.Release|x64.Build.0 = Release|Any CPU
		{A39A4530-1CEF-42FC-B9FD-F5F87207E68C}.Release|x86.ActiveCfg = Release|Any CPU
		{A39A4530-1CEF-42FC-B9FD-F5F87207E68C}.Release|x86.Build.0 = Release|Any CPU
		{01D6922E-4F02-45EB-8D10-4F0D0CB4261B}.Debug|Any CPU.ActiveCfg = Debug|Any CPU
		{01D6922E-4F02-45EB-8D10-4F0D0CB4261B}.Debug|Any CPU.Build.0 = Debug|Any CPU
		{01D6922E-4F02-45EB-8D10-4F0D0CB4261B}.Debug|x64.ActiveCfg = Debug|Any CPU
		{01D6922E-4F02-45EB-8D10-4F0D0CB4261B}.Debug|x64.Build.0 = Debug|Any CPU
		{01D6922E-4F02-45EB-8D10-4F0D0CB4261B}.Debug|x86.ActiveCfg = Debug|Any CPU
		{01D6922E-4F02-45EB-8D10-4F0D0CB4261B}.Debug|x86.Build.0 = Debug|Any CPU
		{01D6922E-4F02-45EB-8D10-4F0D0CB4261B}.Release|Any CPU.ActiveCfg = Release|Any CPU
		{01D6922E-4F02-45EB-8D10-4F0D0CB4261B}.Release|Any CPU.Build.0 = Release|Any CPU
		{01D6922E-4F02-45EB-8D10-4F0D0CB4261B}.Release|x64.ActiveCfg = Release|Any CPU
		{01D6922E-4F02-45EB-8D10-4F0D0CB4261B}.Release|x64.Build.0 = Release|Any CPU
		{01D6922E-4F02-45EB-8D10-4F0D0CB4261B}.Release|x86.ActiveCfg = Release|Any CPU
		{01D6922E-4F02-45EB-8D10-4F0D0CB4261B}.Release|x86.Build.0 = Release|Any CPU
	EndGlobalSection
	GlobalSection(SolutionProperties) = preSolution
		HideSolutionNode = FALSE
	EndGlobalSection
	GlobalSection(NestedProjects) = preSolution
		{01D6922E-4F02-45EB-8D10-4F0D0CB4261B} = {324791A1-5798-203D-0CA6-A8E0DAEC81C8}
	EndGlobalSection
	GlobalSection(ExtensibilityGlobals) = postSolution
		SolutionGuid = {FC5CB9A6-23D4-490D-9296-77EB690F8935}
	EndGlobalSection
EndGlobal
