
Microsoft Visual Studio Solution File, Format Version 12.00
# Visual Studio Version 17
VisualStudioVersion = 17.14.36511.14
MinimumVisualStudioVersion = 10.0.40219.1
Project("{FAE04EC0-301F-11D3-BF4B-00C04F79EFBC}") = "Editor", "Editor\Editor.csproj", "{8F8032E0-F0FC-E24F-A6B6-7856BA9E0D4C}"
EndProject
Project("{FAE04EC0-301F-11D3-BF4B-00C04F79EFBC}") = "Entry_Desktop", "Platforms\Desktop\Entry_Desktop.csproj", "{E67A77C2-5AF1-41D4-9661-3098A67FFADD}"
EndProject
Project("{FAE04EC0-301F-11D3-BF4B-00C04F79EFBC}") = "Engine", "Engine\Engine.csproj", "{B0EE821A-2C27-4004-8784-45571BEDBA8E}"
EndProject
Project("{FAE04EC0-301F-11D3-BF4B-00C04F79EFBC}") = "Entry_Android", "Platforms\Android\Entry_Android.csproj", "{A39A4530-1CEF-42FC-B9FD-F5F87207E68C}"
EndProject
Project("{FAE04EC0-301F-11D3-BF4B-00C04F79EFBC}") = "Entry_iOS", "Platforms\iOS\Entry_iOS.csproj", "{07C35295-1689-4D70-A539-D20814A03691}"
EndProject
Global
	GlobalSection(SolutionConfigurationPlatforms) = preSolution
		Debug|Any CPU = Debug|Any CPU
		Release|Any CPU = Release|Any CPU
	EndGlobalSection
	GlobalSection(ProjectConfigurationPlatforms) = postSolution
		{8F8032E0-F0FC-E24F-A6B6-7856BA9E0D4C}.Debug|Any CPU.ActiveCfg = Debug|Any CPU
		{8F8032E0-F0FC-E24F-A6B6-7856BA9E0D4C}.Debug|Any CPU.Build.0 = Debug|Any CPU
		{8F8032E0-F0FC-E24F-A6B6-7856BA9E0D4C}.Release|Any CPU.ActiveCfg = Release|Any CPU
		{8F8032E0-F0FC-E24F-A6B6-7856BA9E0D4C}.Release|Any CPU.Build.0 = Release|Any CPU
		{E67A77C2-5AF1-41D4-9661-3098A67FFADD}.Debug|Any CPU.ActiveCfg = Debug|Any CPU
		{E67A77C2-5AF1-41D4-9661-3098A67FFADD}.Debug|Any CPU.Build.0 = Debug|Any CPU
		{E67A77C2-5AF1-41D4-9661-3098A67FFADD}.Release|Any CPU.ActiveCfg = Release|Any CPU
		{E67A77C2-5AF1-41D4-9661-3098A67FFADD}.Release|Any CPU.Build.0 = Release|Any CPU
		{B0EE821A-2C27-4004-8784-45571BEDBA8E}.Debug|Any CPU.ActiveCfg = Debug|Any CPU
		{B0EE821A-2C27-4004-8784-45571BEDBA8E}.Debug|Any CPU.Build.0 = Debug|Any CPU
		{B0EE821A-2C27-4004-8784-45571BEDBA8E}.Release|Any CPU.ActiveCfg = Release|Any CPU
		{B0EE821A-2C27-4004-8784-45571BEDBA8E}.Release|Any CPU.Build.0 = Release|Any CPU
		{A39A4530-1CEF-42FC-B9FD-F5F87207E68C}.Debug|Any CPU.ActiveCfg = Debug|Any CPU
		{A39A4530-1CEF-42FC-B9FD-F5F87207E68C}.Debug|Any CPU.Build.0 = Debug|Any CPU
		{A39A4530-1CEF-42FC-B9FD-F5F87207E68C}.Release|Any CPU.ActiveCfg = Release|Any CPU
		{A39A4530-1CEF-42FC-B9FD-F5F87207E68C}.Release|Any CPU.Build.0 = Release|Any CPU
		{07C35295-1689-4D70-A539-D20814A03691}.Debug|Any CPU.ActiveCfg = Debug|Any CPU
		{07C35295-1689-4D70-A539-D20814A03691}.Debug|Any CPU.Build.0 = Debug|Any CPU
		{07C35295-1689-4D70-A539-D20814A03691}.Release|Any CPU.ActiveCfg = Release|Any CPU
		{07C35295-1689-4D70-A539-D20814A03691}.Release|Any CPU.Build.0 = Release|Any CPU
	EndGlobalSection
	GlobalSection(SolutionProperties) = preSolution
		HideSolutionNode = FALSE
	EndGlobalSection
	GlobalSection(ExtensibilityGlobals) = postSolution
		SolutionGuid = {FC5CB9A6-23D4-490D-9296-77EB690F8935}
	EndGlobalSection
EndGlobal
